// !$*UTF8*$!
{
	archiveVersion = 1;
	classes = {
	};
	objectVersion = 48;
	objects = {

/* Begin PBXBuildFile section */
		2CEFD37F0085F9FF8C6AC396 /* Pods_firest.framework in Frameworks */ = {isa = PBXBuildFile; fileRef = 1A25D209657EAD587D1BE849 /* Pods_firest.framework */; };
		6D3CC4837F53BDF7CB6FD560 /* Pods_firestTests.framework in Frameworks */ = {isa = PBXBuildFile; fileRef = 6FCF8085A40D1AC63AF7710B /* Pods_firestTests.framework */; };
		C937F94E1FCCA9E300825906 /* AppDelegate.swift in Sources */ = {isa = PBXBuildFile; fileRef = C937F94D1FCCA9E300825906 /* AppDelegate.swift */; };
		C937F9501FCCA9E300825906 /* ManualLoginVC.swift in Sources */ = {isa = PBXBuildFile; fileRef = C937F94F1FCCA9E300825906 /* ManualLoginVC.swift */; };
		C937F9531FCCA9E300825906 /* Main.storyboard in Resources */ = {isa = PBXBuildFile; fileRef = C937F9511FCCA9E300825906 /* Main.storyboard */; };
		C937F9561FCCA9E300825906 /* firest.xcdatamodeld in Sources */ = {isa = PBXBuildFile; fileRef = C937F9541FCCA9E300825906 /* firest.xcdatamodeld */; };
		C937F9581FCCA9E300825906 /* Assets.xcassets in Resources */ = {isa = PBXBuildFile; fileRef = C937F9571FCCA9E300825906 /* Assets.xcassets */; };
		C937F95B1FCCA9E300825906 /* LaunchScreen.storyboard in Resources */ = {isa = PBXBuildFile; fileRef = C937F9591FCCA9E300825906 /* LaunchScreen.storyboard */; };
		C937F9661FCCA9E300825906 /* firestTests.swift in Sources */ = {isa = PBXBuildFile; fileRef = C937F9651FCCA9E300825906 /* firestTests.swift */; };
		C937F9711FCCA9E300825906 /* firestUITests.swift in Sources */ = {isa = PBXBuildFile; fileRef = C937F9701FCCA9E300825906 /* firestUITests.swift */; };
		C937F97F1FCCAFA400825906 /* GoogleService-Info.plist in Resources */ = {isa = PBXBuildFile; fileRef = C937F97E1FCCAFA400825906 /* GoogleService-Info.plist */; };
		C9BA89EE1FCE0A2200D93668 /* MainVC.swift in Sources */ = {isa = PBXBuildFile; fileRef = C9BA89ED1FCE0A2200D93668 /* MainVC.swift */; };
		C9BA89F01FD29F3A00D93668 /* SocialLoginVC.swift in Sources */ = {isa = PBXBuildFile; fileRef = C9BA89EF1FD29F3A00D93668 /* SocialLoginVC.swift */; };
		C9BA89F31FD3153600D93668 /* Constants.swift in Sources */ = {isa = PBXBuildFile; fileRef = C9BA89F21FD3153600D93668 /* Constants.swift */; };
		C9BA89F51FD3289A00D93668 /* BaseAuth.swift in Sources */ = {isa = PBXBuildFile; fileRef = C9BA89F41FD3289A00D93668 /* BaseAuth.swift */; };
		D20B29C9EC850C6E050EFF74 /* Pods_firestUITests.framework in Frameworks */ = {isa = PBXBuildFile; fileRef = 60978A80AA613528CC6D0F1B /* Pods_firestUITests.framework */; };
/* End PBXBuildFile section */

/* Begin PBXContainerItemProxy section */
		C937F9621FCCA9E300825906 /* PBXContainerItemProxy */ = {
			isa = PBXContainerItemProxy;
			containerPortal = C937F9421FCCA9E300825906 /* Project object */;
			proxyType = 1;
			remoteGlobalIDString = C937F9491FCCA9E300825906;
			remoteInfo = firest;
		};
		C937F96D1FCCA9E300825906 /* PBXContainerItemProxy */ = {
			isa = PBXContainerItemProxy;
			containerPortal = C937F9421FCCA9E300825906 /* Project object */;
			proxyType = 1;
			remoteGlobalIDString = C937F9491FCCA9E300825906;
			remoteInfo = firest;
		};
/* End PBXContainerItemProxy section */

/* Begin PBXFileReference section */
		0D63D87C48FB01F2BBAD650A /* Pods-firestUITests.debug.xcconfig */ = {isa = PBXFileReference; includeInIndex = 1; lastKnownFileType = text.xcconfig; name = "Pods-firestUITests.debug.xcconfig"; path = "Pods/Target Support Files/Pods-firestUITests/Pods-firestUITests.debug.xcconfig"; sourceTree = "<group>"; };
		1A25D209657EAD587D1BE849 /* Pods_firest.framework */ = {isa = PBXFileReference; explicitFileType = wrapper.framework; includeInIndex = 0; path = Pods_firest.framework; sourceTree = BUILT_PRODUCTS_DIR; };
		21B9661B0C35D628A43A72C4 /* Pods-firestTests.release.xcconfig */ = {isa = PBXFileReference; includeInIndex = 1; lastKnownFileType = text.xcconfig; name = "Pods-firestTests.release.xcconfig"; path = "Pods/Target Support Files/Pods-firestTests/Pods-firestTests.release.xcconfig"; sourceTree = "<group>"; };
		592D21AEF332C20351769AD8 /* Pods-firestUITests.release.xcconfig */ = {isa = PBXFileReference; includeInIndex = 1; lastKnownFileType = text.xcconfig; name = "Pods-firestUITests.release.xcconfig"; path = "Pods/Target Support Files/Pods-firestUITests/Pods-firestUITests.release.xcconfig"; sourceTree = "<group>"; };
		60978A80AA613528CC6D0F1B /* Pods_firestUITests.framework */ = {isa = PBXFileReference; explicitFileType = wrapper.framework; includeInIndex = 0; path = Pods_firestUITests.framework; sourceTree = BUILT_PRODUCTS_DIR; };
		6688D1F186A344C5827DFF5B /* Pods-firestTests.debug.xcconfig */ = {isa = PBXFileReference; includeInIndex = 1; lastKnownFileType = text.xcconfig; name = "Pods-firestTests.debug.xcconfig"; path = "Pods/Target Support Files/Pods-firestTests/Pods-firestTests.debug.xcconfig"; sourceTree = "<group>"; };
		6FCF8085A40D1AC63AF7710B /* Pods_firestTests.framework */ = {isa = PBXFileReference; explicitFileType = wrapper.framework; includeInIndex = 0; path = Pods_firestTests.framework; sourceTree = BUILT_PRODUCTS_DIR; };
		7B8C3F5EFD2C3C5C8E55F506 /* Pods-firest.release.xcconfig */ = {isa = PBXFileReference; includeInIndex = 1; lastKnownFileType = text.xcconfig; name = "Pods-firest.release.xcconfig"; path = "Pods/Target Support Files/Pods-firest/Pods-firest.release.xcconfig"; sourceTree = "<group>"; };
		A4165D08565E2A05AEF16A38 /* Pods-firest.debug.xcconfig */ = {isa = PBXFileReference; includeInIndex = 1; lastKnownFileType = text.xcconfig; name = "Pods-firest.debug.xcconfig"; path = "Pods/Target Support Files/Pods-firest/Pods-firest.debug.xcconfig"; sourceTree = "<group>"; };
		C937F94A1FCCA9E300825906 /* firest.app */ = {isa = PBXFileReference; explicitFileType = wrapper.application; includeInIndex = 0; path = firest.app; sourceTree = BUILT_PRODUCTS_DIR; };
		C937F94D1FCCA9E300825906 /* AppDelegate.swift */ = {isa = PBXFileReference; lastKnownFileType = sourcecode.swift; path = AppDelegate.swift; sourceTree = "<group>"; };
		C937F94F1FCCA9E300825906 /* ManualLoginVC.swift */ = {isa = PBXFileReference; lastKnownFileType = sourcecode.swift; path = ManualLoginVC.swift; sourceTree = "<group>"; };
		C937F9521FCCA9E300825906 /* Base */ = {isa = PBXFileReference; lastKnownFileType = file.storyboard; name = Base; path = Base.lproj/Main.storyboard; sourceTree = "<group>"; };
		C937F9551FCCA9E300825906 /* firest.xcdatamodel */ = {isa = PBXFileReference; lastKnownFileType = wrapper.xcdatamodel; path = firest.xcdatamodel; sourceTree = "<group>"; };
		C937F9571FCCA9E300825906 /* Assets.xcassets */ = {isa = PBXFileReference; lastKnownFileType = folder.assetcatalog; path = Assets.xcassets; sourceTree = "<group>"; };
		C937F95A1FCCA9E300825906 /* Base */ = {isa = PBXFileReference; lastKnownFileType = file.storyboard; name = Base; path = Base.lproj/LaunchScreen.storyboard; sourceTree = "<group>"; };
		C937F95C1FCCA9E300825906 /* Info.plist */ = {isa = PBXFileReference; lastKnownFileType = text.plist.xml; path = Info.plist; sourceTree = "<group>"; };
		C937F9611FCCA9E300825906 /* firestTests.xctest */ = {isa = PBXFileReference; explicitFileType = wrapper.cfbundle; includeInIndex = 0; path = firestTests.xctest; sourceTree = BUILT_PRODUCTS_DIR; };
		C937F9651FCCA9E300825906 /* firestTests.swift */ = {isa = PBXFileReference; lastKnownFileType = sourcecode.swift; path = firestTests.swift; sourceTree = "<group>"; };
		C937F9671FCCA9E300825906 /* Info.plist */ = {isa = PBXFileReference; lastKnownFileType = text.plist.xml; path = Info.plist; sourceTree = "<group>"; };
		C937F96C1FCCA9E300825906 /* firestUITests.xctest */ = {isa = PBXFileReference; explicitFileType = wrapper.cfbundle; includeInIndex = 0; path = firestUITests.xctest; sourceTree = BUILT_PRODUCTS_DIR; };
		C937F9701FCCA9E300825906 /* firestUITests.swift */ = {isa = PBXFileReference; lastKnownFileType = sourcecode.swift; path = firestUITests.swift; sourceTree = "<group>"; };
		C937F9721FCCA9E300825906 /* Info.plist */ = {isa = PBXFileReference; lastKnownFileType = text.plist.xml; path = Info.plist; sourceTree = "<group>"; };
		C937F97E1FCCAFA400825906 /* GoogleService-Info.plist */ = {isa = PBXFileReference; fileEncoding = 4; lastKnownFileType = text.plist.xml; path = "GoogleService-Info.plist"; sourceTree = "<group>"; };
		C9BA89ED1FCE0A2200D93668 /* MainVC.swift */ = {isa = PBXFileReference; lastKnownFileType = sourcecode.swift; path = MainVC.swift; sourceTree = "<group>"; };
		C9BA89EF1FD29F3A00D93668 /* SocialLoginVC.swift */ = {isa = PBXFileReference; lastKnownFileType = sourcecode.swift; path = SocialLoginVC.swift; sourceTree = "<group>"; };
		C9BA89F11FD2CA7100D93668 /* firest.entitlements */ = {isa = PBXFileReference; lastKnownFileType = text.plist.entitlements; path = firest.entitlements; sourceTree = "<group>"; };
		C9BA89F21FD3153600D93668 /* Constants.swift */ = {isa = PBXFileReference; lastKnownFileType = sourcecode.swift; path = Constants.swift; sourceTree = "<group>"; };
		C9BA89F41FD3289A00D93668 /* BaseAuth.swift */ = {isa = PBXFileReference; lastKnownFileType = sourcecode.swift; path = BaseAuth.swift; sourceTree = "<group>"; };
/* End PBXFileReference section */

/* Begin PBXFrameworksBuildPhase section */
		C937F9471FCCA9E300825906 /* Frameworks */ = {
			isa = PBXFrameworksBuildPhase;
			buildActionMask = 2147483647;
			files = (
				2CEFD37F0085F9FF8C6AC396 /* Pods_firest.framework in Frameworks */,
			);
			runOnlyForDeploymentPostprocessing = 0;
		};
		C937F95E1FCCA9E300825906 /* Frameworks */ = {
			isa = PBXFrameworksBuildPhase;
			buildActionMask = 2147483647;
			files = (
				6D3CC4837F53BDF7CB6FD560 /* Pods_firestTests.framework in Frameworks */,
			);
			runOnlyForDeploymentPostprocessing = 0;
		};
		C937F9691FCCA9E300825906 /* Frameworks */ = {
			isa = PBXFrameworksBuildPhase;
			buildActionMask = 2147483647;
			files = (
				D20B29C9EC850C6E050EFF74 /* Pods_firestUITests.framework in Frameworks */,
			);
			runOnlyForDeploymentPostprocessing = 0;
		};
/* End PBXFrameworksBuildPhase section */

/* Begin PBXGroup section */
		2986418F3340EDFF2E1ED096 /* Frameworks */ = {
			isa = PBXGroup;
			children = (
				1A25D209657EAD587D1BE849 /* Pods_firest.framework */,
				6FCF8085A40D1AC63AF7710B /* Pods_firestTests.framework */,
				60978A80AA613528CC6D0F1B /* Pods_firestUITests.framework */,
			);
			name = Frameworks;
			sourceTree = "<group>";
		};
		69EC4B05923379CBFED88D25 /* Pods */ = {
			isa = PBXGroup;
			children = (
				A4165D08565E2A05AEF16A38 /* Pods-firest.debug.xcconfig */,
				7B8C3F5EFD2C3C5C8E55F506 /* Pods-firest.release.xcconfig */,
				6688D1F186A344C5827DFF5B /* Pods-firestTests.debug.xcconfig */,
				21B9661B0C35D628A43A72C4 /* Pods-firestTests.release.xcconfig */,
				0D63D87C48FB01F2BBAD650A /* Pods-firestUITests.debug.xcconfig */,
				592D21AEF332C20351769AD8 /* Pods-firestUITests.release.xcconfig */,
			);
			name = Pods;
			sourceTree = "<group>";
		};
		C937F9411FCCA9E300825906 = {
			isa = PBXGroup;
			children = (
				C937F94C1FCCA9E300825906 /* firest */,
				C937F9641FCCA9E300825906 /* firestTests */,
				C937F96F1FCCA9E300825906 /* firestUITests */,
				C937F94B1FCCA9E300825906 /* Products */,
				69EC4B05923379CBFED88D25 /* Pods */,
				2986418F3340EDFF2E1ED096 /* Frameworks */,
			);
			sourceTree = "<group>";
		};
		C937F94B1FCCA9E300825906 /* Products */ = {
			isa = PBXGroup;
			children = (
				C937F94A1FCCA9E300825906 /* firest.app */,
				C937F9611FCCA9E300825906 /* firestTests.xctest */,
				C937F96C1FCCA9E300825906 /* firestUITests.xctest */,
			);
			name = Products;
			sourceTree = "<group>";
		};
		C937F94C1FCCA9E300825906 /* firest */ = {
			isa = PBXGroup;
			children = (
				C9BA89F11FD2CA7100D93668 /* firest.entitlements */,
				C937F94D1FCCA9E300825906 /* AppDelegate.swift */,
				C9BA89F21FD3153600D93668 /* Constants.swift */,
				C9BA89F41FD3289A00D93668 /* BaseAuth.swift */,
				C937F94F1FCCA9E300825906 /* ManualLoginVC.swift */,
				C9BA89EF1FD29F3A00D93668 /* SocialLoginVC.swift */,
				C9BA89ED1FCE0A2200D93668 /* MainVC.swift */,
				C937F9511FCCA9E300825906 /* Main.storyboard */,
				C937F9571FCCA9E300825906 /* Assets.xcassets */,
				C937F9591FCCA9E300825906 /* LaunchScreen.storyboard */,
				C937F95C1FCCA9E300825906 /* Info.plist */,
				C937F97E1FCCAFA400825906 /* GoogleService-Info.plist */,
				C937F9541FCCA9E300825906 /* firest.xcdatamodeld */,
			);
			path = firest;
			sourceTree = "<group>";
		};
		C937F9641FCCA9E300825906 /* firestTests */ = {
			isa = PBXGroup;
			children = (
				C937F9651FCCA9E300825906 /* firestTests.swift */,
				C937F9671FCCA9E300825906 /* Info.plist */,
			);
			path = firestTests;
			sourceTree = "<group>";
		};
		C937F96F1FCCA9E300825906 /* firestUITests */ = {
			isa = PBXGroup;
			children = (
				C937F9701FCCA9E300825906 /* firestUITests.swift */,
				C937F9721FCCA9E300825906 /* Info.plist */,
			);
			path = firestUITests;
			sourceTree = "<group>";
		};
/* End PBXGroup section */

/* Begin PBXNativeTarget section */
		C937F9491FCCA9E300825906 /* firest */ = {
			isa = PBXNativeTarget;
			buildConfigurationList = C937F9751FCCA9E300825906 /* Build configuration list for PBXNativeTarget "firest" */;
			buildPhases = (
				B94A832DAFB04A5428B9DD54 /* [CP] Check Pods Manifest.lock */,
				C937F9461FCCA9E300825906 /* Sources */,
				C937F9471FCCA9E300825906 /* Frameworks */,
				C937F9481FCCA9E300825906 /* Resources */,
				AF88D429A5D87B3AAFDA5E31 /* [CP] Embed Pods Frameworks */,
				13B275EDC2E94282BEA7C442 /* [CP] Copy Pods Resources */,
			);
			buildRules = (
			);
			dependencies = (
			);
			name = firest;
			productName = firest;
			productReference = C937F94A1FCCA9E300825906 /* firest.app */;
			productType = "com.apple.product-type.application";
		};
		C937F9601FCCA9E300825906 /* firestTests */ = {
			isa = PBXNativeTarget;
			buildConfigurationList = C937F9781FCCA9E300825906 /* Build configuration list for PBXNativeTarget "firestTests" */;
			buildPhases = (
				95052B508AAC1A88A01B6AF2 /* [CP] Check Pods Manifest.lock */,
				C937F95D1FCCA9E300825906 /* Sources */,
				C937F95E1FCCA9E300825906 /* Frameworks */,
				C937F95F1FCCA9E300825906 /* Resources */,
				F40560A0F7DE818CE0E02A84 /* [CP] Embed Pods Frameworks */,
				34BCA1C5AACA5E9E385DD72A /* [CP] Copy Pods Resources */,
			);
			buildRules = (
			);
			dependencies = (
				C937F9631FCCA9E300825906 /* PBXTargetDependency */,
			);
			name = firestTests;
			productName = firestTests;
			productReference = C937F9611FCCA9E300825906 /* firestTests.xctest */;
			productType = "com.apple.product-type.bundle.unit-test";
		};
		C937F96B1FCCA9E300825906 /* firestUITests */ = {
			isa = PBXNativeTarget;
			buildConfigurationList = C937F97B1FCCA9E300825906 /* Build configuration list for PBXNativeTarget "firestUITests" */;
			buildPhases = (
				410C8E7A064DC2EF197B4026 /* [CP] Check Pods Manifest.lock */,
				C937F9681FCCA9E300825906 /* Sources */,
				C937F9691FCCA9E300825906 /* Frameworks */,
				C937F96A1FCCA9E300825906 /* Resources */,
				43101BDE45B153679B3BD343 /* [CP] Embed Pods Frameworks */,
				DD8B25D2F5B99A0398CDD0FE /* [CP] Copy Pods Resources */,
			);
			buildRules = (
			);
			dependencies = (
				C937F96E1FCCA9E300825906 /* PBXTargetDependency */,
			);
			name = firestUITests;
			productName = firestUITests;
			productReference = C937F96C1FCCA9E300825906 /* firestUITests.xctest */;
			productType = "com.apple.product-type.bundle.ui-testing";
		};
/* End PBXNativeTarget section */

/* Begin PBXProject section */
		C937F9421FCCA9E300825906 /* Project object */ = {
			isa = PBXProject;
			attributes = {
				LastSwiftUpdateCheck = 0910;
				LastUpgradeCheck = 0910;
				ORGANIZATIONNAME = "Roma Chopovenko";
				TargetAttributes = {
					C937F9491FCCA9E300825906 = {
						CreatedOnToolsVersion = 9.1;
						ProvisioningStyle = Automatic;
						SystemCapabilities = {
							com.apple.Keychain = {
								enabled = 1;
							};
						};
					};
					C937F9601FCCA9E300825906 = {
						CreatedOnToolsVersion = 9.1;
						ProvisioningStyle = Automatic;
						TestTargetID = C937F9491FCCA9E300825906;
					};
					C937F96B1FCCA9E300825906 = {
						CreatedOnToolsVersion = 9.1;
						ProvisioningStyle = Automatic;
						TestTargetID = C937F9491FCCA9E300825906;
					};
				};
			};
			buildConfigurationList = C937F9451FCCA9E300825906 /* Build configuration list for PBXProject "firest" */;
			compatibilityVersion = "Xcode 8.0";
			developmentRegion = en;
			hasScannedForEncodings = 0;
			knownRegions = (
				en,
				Base,
			);
			mainGroup = C937F9411FCCA9E300825906;
			productRefGroup = C937F94B1FCCA9E300825906 /* Products */;
			projectDirPath = "";
			projectRoot = "";
			targets = (
				C937F9491FCCA9E300825906 /* firest */,
				C937F9601FCCA9E300825906 /* firestTests */,
				C937F96B1FCCA9E300825906 /* firestUITests */,
			);
		};
/* End PBXProject section */

/* Begin PBXResourcesBuildPhase section */
		C937F9481FCCA9E300825906 /* Resources */ = {
			isa = PBXResourcesBuildPhase;
			buildActionMask = 2147483647;
			files = (
				C937F95B1FCCA9E300825906 /* LaunchScreen.storyboard in Resources */,
				C937F97F1FCCAFA400825906 /* GoogleService-Info.plist in Resources */,
				C937F9581FCCA9E300825906 /* Assets.xcassets in Resources */,
				C937F9531FCCA9E300825906 /* Main.storyboard in Resources */,
			);
			runOnlyForDeploymentPostprocessing = 0;
		};
		C937F95F1FCCA9E300825906 /* Resources */ = {
			isa = PBXResourcesBuildPhase;
			buildActionMask = 2147483647;
			files = (
			);
			runOnlyForDeploymentPostprocessing = 0;
		};
		C937F96A1FCCA9E300825906 /* Resources */ = {
			isa = PBXResourcesBuildPhase;
			buildActionMask = 2147483647;
			files = (
			);
			runOnlyForDeploymentPostprocessing = 0;
		};
/* End PBXResourcesBuildPhase section */

/* Begin PBXShellScriptBuildPhase section */
		13B275EDC2E94282BEA7C442 /* [CP] Copy Pods Resources */ = {
			isa = PBXShellScriptBuildPhase;
			buildActionMask = 2147483647;
			files = (
			);
			inputPaths = (
			);
			name = "[CP] Copy Pods Resources";
			outputPaths = (
			);
			runOnlyForDeploymentPostprocessing = 0;
			shellPath = /bin/sh;
			shellScript = "\"${SRCROOT}/Pods/Target Support Files/Pods-firest/Pods-firest-resources.sh\"\n";
			showEnvVarsInLog = 0;
		};
		34BCA1C5AACA5E9E385DD72A /* [CP] Copy Pods Resources */ = {
			isa = PBXShellScriptBuildPhase;
			buildActionMask = 2147483647;
			files = (
			);
			inputPaths = (
			);
			name = "[CP] Copy Pods Resources";
			outputPaths = (
			);
			runOnlyForDeploymentPostprocessing = 0;
			shellPath = /bin/sh;
			shellScript = "\"${SRCROOT}/Pods/Target Support Files/Pods-firestTests/Pods-firestTests-resources.sh\"\n";
			showEnvVarsInLog = 0;
		};
		410C8E7A064DC2EF197B4026 /* [CP] Check Pods Manifest.lock */ = {
			isa = PBXShellScriptBuildPhase;
			buildActionMask = 2147483647;
			files = (
			);
			inputPaths = (
				"${PODS_PODFILE_DIR_PATH}/Podfile.lock",
				"${PODS_ROOT}/Manifest.lock",
			);
			name = "[CP] Check Pods Manifest.lock";
			outputPaths = (
				"$(DERIVED_FILE_DIR)/Pods-firestUITests-checkManifestLockResult.txt",
			);
			runOnlyForDeploymentPostprocessing = 0;
			shellPath = /bin/sh;
			shellScript = "diff \"${PODS_PODFILE_DIR_PATH}/Podfile.lock\" \"${PODS_ROOT}/Manifest.lock\" > /dev/null\nif [ $? != 0 ] ; then\n    # print error to STDERR\n    echo \"error: The sandbox is not in sync with the Podfile.lock. Run 'pod install' or update your CocoaPods installation.\" >&2\n    exit 1\nfi\n# This output is used by Xcode 'outputs' to avoid re-running this script phase.\necho \"SUCCESS\" > \"${SCRIPT_OUTPUT_FILE_0}\"\n";
			showEnvVarsInLog = 0;
		};
		43101BDE45B153679B3BD343 /* [CP] Embed Pods Frameworks */ = {
			isa = PBXShellScriptBuildPhase;
			buildActionMask = 2147483647;
			files = (
			);
			inputPaths = (
			);
			name = "[CP] Embed Pods Frameworks";
			outputPaths = (
			);
			runOnlyForDeploymentPostprocessing = 0;
			shellPath = /bin/sh;
			shellScript = "\"${SRCROOT}/Pods/Target Support Files/Pods-firestUITests/Pods-firestUITests-frameworks.sh\"\n";
			showEnvVarsInLog = 0;
		};
		95052B508AAC1A88A01B6AF2 /* [CP] Check Pods Manifest.lock */ = {
			isa = PBXShellScriptBuildPhase;
			buildActionMask = 2147483647;
			files = (
			);
			inputPaths = (
				"${PODS_PODFILE_DIR_PATH}/Podfile.lock",
				"${PODS_ROOT}/Manifest.lock",
			);
			name = "[CP] Check Pods Manifest.lock";
			outputPaths = (
				"$(DERIVED_FILE_DIR)/Pods-firestTests-checkManifestLockResult.txt",
			);
			runOnlyForDeploymentPostprocessing = 0;
			shellPath = /bin/sh;
			shellScript = "diff \"${PODS_PODFILE_DIR_PATH}/Podfile.lock\" \"${PODS_ROOT}/Manifest.lock\" > /dev/null\nif [ $? != 0 ] ; then\n    # print error to STDERR\n    echo \"error: The sandbox is not in sync with the Podfile.lock. Run 'pod install' or update your CocoaPods installation.\" >&2\n    exit 1\nfi\n# This output is used by Xcode 'outputs' to avoid re-running this script phase.\necho \"SUCCESS\" > \"${SCRIPT_OUTPUT_FILE_0}\"\n";
			showEnvVarsInLog = 0;
		};
		AF88D429A5D87B3AAFDA5E31 /* [CP] Embed Pods Frameworks */ = {
			isa = PBXShellScriptBuildPhase;
			buildActionMask = 2147483647;
			files = (
			);
			inputPaths = (
				"${SRCROOT}/Pods/Target Support Files/Pods-firest/Pods-firest-frameworks.sh",
				"${BUILT_PRODUCTS_DIR}/Bolts/Bolts.framework",
				"${BUILT_PRODUCTS_DIR}/FBSDKCoreKit/FBSDKCoreKit.framework",
				"${BUILT_PRODUCTS_DIR}/FBSDKLoginKit/FBSDKLoginKit.framework",
				"${BUILT_PRODUCTS_DIR}/FBSDKShareKit/FBSDKShareKit.framework",
				"${BUILT_PRODUCTS_DIR}/GTMSessionFetcher/GTMSessionFetcher.framework",
				"${BUILT_PRODUCTS_DIR}/GoogleToolboxForMac/GoogleToolboxForMac.framework",
				"${BUILT_PRODUCTS_DIR}/leveldb-library/leveldb.framework",
				"${BUILT_PRODUCTS_DIR}/nanopb/nanopb.framework",
			);
			name = "[CP] Embed Pods Frameworks";
			outputPaths = (
				"${TARGET_BUILD_DIR}/${FRAMEWORKS_FOLDER_PATH}/Bolts.framework",
				"${TARGET_BUILD_DIR}/${FRAMEWORKS_FOLDER_PATH}/FBSDKCoreKit.framework",
				"${TARGET_BUILD_DIR}/${FRAMEWORKS_FOLDER_PATH}/FBSDKLoginKit.framework",
				"${TARGET_BUILD_DIR}/${FRAMEWORKS_FOLDER_PATH}/FBSDKShareKit.framework",
				"${TARGET_BUILD_DIR}/${FRAMEWORKS_FOLDER_PATH}/GTMSessionFetcher.framework",
				"${TARGET_BUILD_DIR}/${FRAMEWORKS_FOLDER_PATH}/GoogleToolboxForMac.framework",
				"${TARGET_BUILD_DIR}/${FRAMEWORKS_FOLDER_PATH}/leveldb.framework",
				"${TARGET_BUILD_DIR}/${FRAMEWORKS_FOLDER_PATH}/nanopb.framework",
			);
			runOnlyForDeploymentPostprocessing = 0;
			shellPath = /bin/sh;
			shellScript = "\"${SRCROOT}/Pods/Target Support Files/Pods-firest/Pods-firest-frameworks.sh\"\n";
			showEnvVarsInLog = 0;
		};
		B94A832DAFB04A5428B9DD54 /* [CP] Check Pods Manifest.lock */ = {
			isa = PBXShellScriptBuildPhase;
			buildActionMask = 2147483647;
			files = (
			);
			inputPaths = (
				"${PODS_PODFILE_DIR_PATH}/Podfile.lock",
				"${PODS_ROOT}/Manifest.lock",
			);
			name = "[CP] Check Pods Manifest.lock";
			outputPaths = (
				"$(DERIVED_FILE_DIR)/Pods-firest-checkManifestLockResult.txt",
			);
			runOnlyForDeploymentPostprocessing = 0;
			shellPath = /bin/sh;
			shellScript = "diff \"${PODS_PODFILE_DIR_PATH}/Podfile.lock\" \"${PODS_ROOT}/Manifest.lock\" > /dev/null\nif [ $? != 0 ] ; then\n    # print error to STDERR\n    echo \"error: The sandbox is not in sync with the Podfile.lock. Run 'pod install' or update your CocoaPods installation.\" >&2\n    exit 1\nfi\n# This output is used by Xcode 'outputs' to avoid re-running this script phase.\necho \"SUCCESS\" > \"${SCRIPT_OUTPUT_FILE_0}\"\n";
			showEnvVarsInLog = 0;
		};
		DD8B25D2F5B99A0398CDD0FE /* [CP] Copy Pods Resources */ = {
			isa = PBXShellScriptBuildPhase;
			buildActionMask = 2147483647;
			files = (
			);
			inputPaths = (
			);
			name = "[CP] Copy Pods Resources";
			outputPaths = (
			);
			runOnlyForDeploymentPostprocessing = 0;
			shellPath = /bin/sh;
			shellScript = "\"${SRCROOT}/Pods/Target Support Files/Pods-firestUITests/Pods-firestUITests-resources.sh\"\n";
			showEnvVarsInLog = 0;
		};
		F40560A0F7DE818CE0E02A84 /* [CP] Embed Pods Frameworks */ = {
			isa = PBXShellScriptBuildPhase;
			buildActionMask = 2147483647;
			files = (
			);
			inputPaths = (
			);
			name = "[CP] Embed Pods Frameworks";
			outputPaths = (
			);
			runOnlyForDeploymentPostprocessing = 0;
			shellPath = /bin/sh;
			shellScript = "\"${SRCROOT}/Pods/Target Support Files/Pods-firestTests/Pods-firestTests-frameworks.sh\"\n";
			showEnvVarsInLog = 0;
		};
/* End PBXShellScriptBuildPhase section */

/* Begin PBXSourcesBuildPhase section */
		C937F9461FCCA9E300825906 /* Sources */ = {
			isa = PBXSourcesBuildPhase;
			buildActionMask = 2147483647;
			files = (
				C937F9501FCCA9E300825906 /* ManualLoginVC.swift in Sources */,
				C937F9561FCCA9E300825906 /* firest.xcdatamodeld in Sources */,
				C937F94E1FCCA9E300825906 /* AppDelegate.swift in Sources */,
				C9BA89F01FD29F3A00D93668 /* SocialLoginVC.swift in Sources */,
				C9BA89F51FD3289A00D93668 /* BaseAuth.swift in Sources */,
				C9BA89EE1FCE0A2200D93668 /* MainVC.swift in Sources */,
				C9BA89F31FD3153600D93668 /* Constants.swift in Sources */,
			);
			runOnlyForDeploymentPostprocessing = 0;
		};
		C937F95D1FCCA9E300825906 /* Sources */ = {
			isa = PBXSourcesBuildPhase;
			buildActionMask = 2147483647;
			files = (
				C937F9661FCCA9E300825906 /* firestTests.swift in Sources */,
			);
			runOnlyForDeploymentPostprocessing = 0;
		};
		C937F9681FCCA9E300825906 /* Sources */ = {
			isa = PBXSourcesBuildPhase;
			buildActionMask = 2147483647;
			files = (
				C937F9711FCCA9E300825906 /* firestUITests.swift in Sources */,
			);
			runOnlyForDeploymentPostprocessing = 0;
		};
/* End PBXSourcesBuildPhase section */

/* Begin PBXTargetDependency section */
		C937F9631FCCA9E300825906 /* PBXTargetDependency */ = {
			isa = PBXTargetDependency;
			target = C937F9491FCCA9E300825906 /* firest */;
			targetProxy = C937F9621FCCA9E300825906 /* PBXContainerItemProxy */;
		};
		C937F96E1FCCA9E300825906 /* PBXTargetDependency */ = {
			isa = PBXTargetDependency;
			target = C937F9491FCCA9E300825906 /* firest */;
			targetProxy = C937F96D1FCCA9E300825906 /* PBXContainerItemProxy */;
		};
/* End PBXTargetDependency section */

/* Begin PBXVariantGroup section */
		C937F9511FCCA9E300825906 /* Main.storyboard */ = {
			isa = PBXVariantGroup;
			children = (
				C937F9521FCCA9E300825906 /* Base */,
			);
			name = Main.storyboard;
			sourceTree = "<group>";
		};
		C937F9591FCCA9E300825906 /* LaunchScreen.storyboard */ = {
			isa = PBXVariantGroup;
			children = (
				C937F95A1FCCA9E300825906 /* Base */,
			);
			name = LaunchScreen.storyboard;
			sourceTree = "<group>";
		};
/* End PBXVariantGroup section */

/* Begin XCBuildConfiguration section */
		C937F9731FCCA9E300825906 /* Debug */ = {
			isa = XCBuildConfiguration;
			buildSettings = {
				ALWAYS_SEARCH_USER_PATHS = NO;
				CLANG_ANALYZER_NONNULL = YES;
				CLANG_ANALYZER_NUMBER_OBJECT_CONVERSION = YES_AGGRESSIVE;
				CLANG_CXX_LANGUAGE_STANDARD = "gnu++14";
				CLANG_CXX_LIBRARY = "libc++";
				CLANG_ENABLE_MODULES = YES;
				CLANG_ENABLE_OBJC_ARC = YES;
				CLANG_WARN_BLOCK_CAPTURE_AUTORELEASING = YES;
				CLANG_WARN_BOOL_CONVERSION = YES;
				CLANG_WARN_COMMA = YES;
				CLANG_WARN_CONSTANT_CONVERSION = YES;
				CLANG_WARN_DIRECT_OBJC_ISA_USAGE = YES_ERROR;
				CLANG_WARN_DOCUMENTATION_COMMENTS = YES;
				CLANG_WARN_EMPTY_BODY = YES;
				CLANG_WARN_ENUM_CONVERSION = YES;
				CLANG_WARN_INFINITE_RECURSION = YES;
				CLANG_WARN_INT_CONVERSION = YES;
				CLANG_WARN_NON_LITERAL_NULL_CONVERSION = YES;
				CLANG_WARN_OBJC_LITERAL_CONVERSION = YES;
				CLANG_WARN_OBJC_ROOT_CLASS = YES_ERROR;
				CLANG_WARN_RANGE_LOOP_ANALYSIS = YES;
				CLANG_WARN_STRICT_PROTOTYPES = YES;
				CLANG_WARN_SUSPICIOUS_MOVE = YES;
				CLANG_WARN_UNGUARDED_AVAILABILITY = YES_AGGRESSIVE;
				CLANG_WARN_UNREACHABLE_CODE = YES;
				CLANG_WARN__DUPLICATE_METHOD_MATCH = YES;
				CODE_SIGN_IDENTITY = "iPhone Developer";
				COPY_PHASE_STRIP = NO;
				DEBUG_INFORMATION_FORMAT = dwarf;
				ENABLE_STRICT_OBJC_MSGSEND = YES;
				ENABLE_TESTABILITY = YES;
				GCC_C_LANGUAGE_STANDARD = gnu11;
				GCC_DYNAMIC_NO_PIC = NO;
				GCC_NO_COMMON_BLOCKS = YES;
				GCC_OPTIMIZATION_LEVEL = 0;
				GCC_PREPROCESSOR_DEFINITIONS = (
					"DEBUG=1",
					"$(inherited)",
				);
				GCC_WARN_64_TO_32_BIT_CONVERSION = YES;
				GCC_WARN_ABOUT_RETURN_TYPE = YES_ERROR;
				GCC_WARN_UNDECLARED_SELECTOR = YES;
				GCC_WARN_UNINITIALIZED_AUTOS = YES_AGGRESSIVE;
				GCC_WARN_UNUSED_FUNCTION = YES;
				GCC_WARN_UNUSED_VARIABLE = YES;
				IPHONEOS_DEPLOYMENT_TARGET = 11.1;
				MTL_ENABLE_DEBUG_INFO = YES;
				ONLY_ACTIVE_ARCH = YES;
				SDKROOT = iphoneos;
				SWIFT_ACTIVE_COMPILATION_CONDITIONS = DEBUG;
				SWIFT_OPTIMIZATION_LEVEL = "-Onone";
			};
			name = Debug;
		};
		C937F9741FCCA9E300825906 /* Release */ = {
			isa = XCBuildConfiguration;
			buildSettings = {
				ALWAYS_SEARCH_USER_PATHS = NO;
				CLANG_ANALYZER_NONNULL = YES;
				CLANG_ANALYZER_NUMBER_OBJECT_CONVERSION = YES_AGGRESSIVE;
				CLANG_CXX_LANGUAGE_STANDARD = "gnu++14";
				CLANG_CXX_LIBRARY = "libc++";
				CLANG_ENABLE_MODULES = YES;
				CLANG_ENABLE_OBJC_ARC = YES;
				CLANG_WARN_BLOCK_CAPTURE_AUTORELEASING = YES;
				CLANG_WARN_BOOL_CONVERSION = YES;
				CLANG_WARN_COMMA = YES;
				CLANG_WARN_CONSTANT_CONVERSION = YES;
				CLANG_WARN_DIRECT_OBJC_ISA_USAGE = YES_ERROR;
				CLANG_WARN_DOCUMENTATION_COMMENTS = YES;
				CLANG_WARN_EMPTY_BODY = YES;
				CLANG_WARN_ENUM_CONVERSION = YES;
				CLANG_WARN_INFINITE_RECURSION = YES;
				CLANG_WARN_INT_CONVERSION = YES;
				CLANG_WARN_NON_LITERAL_NULL_CONVERSION = YES;
				CLANG_WARN_OBJC_LITERAL_CONVERSION = YES;
				CLANG_WARN_OBJC_ROOT_CLASS = YES_ERROR;
				CLANG_WARN_RANGE_LOOP_ANALYSIS = YES;
				CLANG_WARN_STRICT_PROTOTYPES = YES;
				CLANG_WARN_SUSPICIOUS_MOVE = YES;
				CLANG_WARN_UNGUARDED_AVAILABILITY = YES_AGGRESSIVE;
				CLANG_WARN_UNREACHABLE_CODE = YES;
				CLANG_WARN__DUPLICATE_METHOD_MATCH = YES;
				CODE_SIGN_IDENTITY = "iPhone Developer";
				COPY_PHASE_STRIP = NO;
				DEBUG_INFORMATION_FORMAT = "dwarf-with-dsym";
				ENABLE_NS_ASSERTIONS = NO;
				ENABLE_STRICT_OBJC_MSGSEND = YES;
				GCC_C_LANGUAGE_STANDARD = gnu11;
				GCC_NO_COMMON_BLOCKS = YES;
				GCC_WARN_64_TO_32_BIT_CONVERSION = YES;
				GCC_WARN_ABOUT_RETURN_TYPE = YES_ERROR;
				GCC_WARN_UNDECLARED_SELECTOR = YES;
				GCC_WARN_UNINITIALIZED_AUTOS = YES_AGGRESSIVE;
				GCC_WARN_UNUSED_FUNCTION = YES;
				GCC_WARN_UNUSED_VARIABLE = YES;
				IPHONEOS_DEPLOYMENT_TARGET = 11.1;
				MTL_ENABLE_DEBUG_INFO = NO;
				SDKROOT = iphoneos;
				SWIFT_OPTIMIZATION_LEVEL = "-Owholemodule";
				VALIDATE_PRODUCT = YES;
			};
			name = Release;
		};
		C937F9761FCCA9E300825906 /* Debug */ = {
			isa = XCBuildConfiguration;
			baseConfigurationReference = A4165D08565E2A05AEF16A38 /* Pods-firest.debug.xcconfig */;
			buildSettings = {
				ASSETCATALOG_COMPILER_APPICON_NAME = AppIcon;
				CODE_SIGN_ENTITLEMENTS = firest/firest.entitlements;
				CODE_SIGN_STYLE = Automatic;
				DEVELOPMENT_TEAM = 76YES2398T;
				INFOPLIST_FILE = firest/Info.plist;
				LD_RUNPATH_SEARCH_PATHS = "$(inherited) @executable_path/Frameworks";
				PRODUCT_BUNDLE_IDENTIFIER = com.romito.firest;
				PRODUCT_NAME = "$(TARGET_NAME)";
				SWIFT_VERSION = 4.0;
				TARGETED_DEVICE_FAMILY = "1,2";
			};
			name = Debug;
		};
		C937F9771FCCA9E300825906 /* Release */ = {
			isa = XCBuildConfiguration;
			baseConfigurationReference = 7B8C3F5EFD2C3C5C8E55F506 /* Pods-firest.release.xcconfig */;
			buildSettings = {
				ASSETCATALOG_COMPILER_APPICON_NAME = AppIcon;
				CODE_SIGN_ENTITLEMENTS = firest/firest.entitlements;
				CODE_SIGN_STYLE = Automatic;
				DEVELOPMENT_TEAM = 76YES2398T;
				INFOPLIST_FILE = firest/Info.plist;
				LD_RUNPATH_SEARCH_PATHS = "$(inherited) @executable_path/Frameworks";
				PRODUCT_BUNDLE_IDENTIFIER = com.romito.firest;
				PRODUCT_NAME = "$(TARGET_NAME)";
				SWIFT_VERSION = 4.0;
				TARGETED_DEVICE_FAMILY = "1,2";
			};
			name = Release;
		};
		C937F9791FCCA9E300825906 /* Debug */ = {
			isa = XCBuildConfiguration;
			baseConfigurationReference = 6688D1F186A344C5827DFF5B /* Pods-firestTests.debug.xcconfig */;
			buildSettings = {
				ALWAYS_EMBED_SWIFT_STANDARD_LIBRARIES = YES;
				BUNDLE_LOADER = "$(TEST_HOST)";
				CODE_SIGN_STYLE = Automatic;
				INFOPLIST_FILE = firestTests/Info.plist;
				LD_RUNPATH_SEARCH_PATHS = "$(inherited) @executable_path/Frameworks @loader_path/Frameworks";
				PRODUCT_BUNDLE_IDENTIFIER = com.romito.firestTests;
				PRODUCT_NAME = "$(TARGET_NAME)";
				SWIFT_VERSION = 4.0;
				TARGETED_DEVICE_FAMILY = "1,2";
				TEST_HOST = "$(BUILT_PRODUCTS_DIR)/firest.app/firest";
			};
			name = Debug;
		};
		C937F97A1FCCA9E300825906 /* Release */ = {
			isa = XCBuildConfiguration;
			baseConfigurationReference = 21B9661B0C35D628A43A72C4 /* Pods-firestTests.release.xcconfig */;
			buildSettings = {
				ALWAYS_EMBED_SWIFT_STANDARD_LIBRARIES = YES;
				BUNDLE_LOADER = "$(TEST_HOST)";
				CODE_SIGN_STYLE = Automatic;
				INFOPLIST_FILE = firestTests/Info.plist;
				LD_RUNPATH_SEARCH_PATHS = "$(inherited) @executable_path/Frameworks @loader_path/Frameworks";
				PRODUCT_BUNDLE_IDENTIFIER = com.romito.firestTests;
				PRODUCT_NAME = "$(TARGET_NAME)";
				SWIFT_VERSION = 4.0;
				TARGETED_DEVICE_FAMILY = "1,2";
				TEST_HOST = "$(BUILT_PRODUCTS_DIR)/firest.app/firest";
			};
			name = Release;
		};
		C937F97C1FCCA9E300825906 /* Debug */ = {
			isa = XCBuildConfiguration;
			baseConfigurationReference = 0D63D87C48FB01F2BBAD650A /* Pods-firestUITests.debug.xcconfig */;
			buildSettings = {
				ALWAYS_EMBED_SWIFT_STANDARD_LIBRARIES = YES;
				CODE_SIGN_STYLE = Automatic;
				INFOPLIST_FILE = firestUITests/Info.plist;
				LD_RUNPATH_SEARCH_PATHS = "$(inherited) @executable_path/Frameworks @loader_path/Frameworks";
				PRODUCT_BUNDLE_IDENTIFIER = com.romito.firestUITests;
				PRODUCT_NAME = "$(TARGET_NAME)";
				SWIFT_VERSION = 4.0;
				TARGETED_DEVICE_FAMILY = "1,2";
				TEST_TARGET_NAME = firest;
			};
			name = Debug;
		};
		C937F97D1FCCA9E300825906 /* Release */ = {
			isa = XCBuildConfiguration;
			baseConfigurationReference = 592D21AEF332C20351769AD8 /* Pods-firestUITests.release.xcconfig */;
			buildSettings = {
				ALWAYS_EMBED_SWIFT_STANDARD_LIBRARIES = YES;
				CODE_SIGN_STYLE = Automatic;
				INFOPLIST_FILE = firestUITests/Info.plist;
				LD_RUNPATH_SEARCH_PATHS = "$(inherited) @executable_path/Frameworks @loader_path/Frameworks";
				PRODUCT_BUNDLE_IDENTIFIER = com.romito.firestUITests;
				PRODUCT_NAME = "$(TARGET_NAME)";
				SWIFT_VERSION = 4.0;
				TARGETED_DEVICE_FAMILY = "1,2";
				TEST_TARGET_NAME = firest;
			};
			name = Release;
		};
/* End XCBuildConfiguration section */

/* Begin XCConfigurationList section */
		C937F9451FCCA9E300825906 /* Build configuration list for PBXProject "firest" */ = {
			isa = XCConfigurationList;
			buildConfigurations = (
				C937F9731FCCA9E300825906 /* Debug */,
				C937F9741FCCA9E300825906 /* Release */,
			);
			defaultConfigurationIsVisible = 0;
			defaultConfigurationName = Release;
		};
		C937F9751FCCA9E300825906 /* Build configuration list for PBXNativeTarget "firest" */ = {
			isa = XCConfigurationList;
			buildConfigurations = (
				C937F9761FCCA9E300825906 /* Debug */,
				C937F9771FCCA9E300825906 /* Release */,
			);
			defaultConfigurationIsVisible = 0;
			defaultConfigurationName = Release;
		};
		C937F9781FCCA9E300825906 /* Build configuration list for PBXNativeTarget "firestTests" */ = {
			isa = XCConfigurationList;
			buildConfigurations = (
				C937F9791FCCA9E300825906 /* Debug */,
				C937F97A1FCCA9E300825906 /* Release */,
			);
			defaultConfigurationIsVisible = 0;
			defaultConfigurationName = Release;
		};
		C937F97B1FCCA9E300825906 /* Build configuration list for PBXNativeTarget "firestUITests" */ = {
			isa = XCConfigurationList;
			buildConfigurations = (
				C937F97C1FCCA9E300825906 /* Debug */,
				C937F97D1FCCA9E300825906 /* Release */,
			);
			defaultConfigurationIsVisible = 0;
			defaultConfigurationName = Release;
		};
/* End XCConfigurationList section */

/* Begin XCVersionGroup section */
		C937F9541FCCA9E300825906 /* firest.xcdatamodeld */ = {
			isa = XCVersionGroup;
			children = (
				C937F9551FCCA9E300825906 /* firest.xcdatamodel */,
			);
			currentVersion = C937F9551FCCA9E300825906 /* firest.xcdatamodel */;
			path = firest.xcdatamodeld;
			sourceTree = "<group>";
			versionGroupType = wrapper.xcdatamodel;
		};
/* End XCVersionGroup section */
	};
	rootObject = C937F9421FCCA9E300825906 /* Project object */;
}
